// !$*UTF8*$!
{
	archiveVersion = 1;
	classes = {
	};
	objectVersion = 56;
	objects = {

/* Begin PBXBuildFile section */
		CEA94CFD2AB3CCEF00E43D31 /* AppDelegate.swift in Sources */ = {isa = PBXBuildFile; fileRef = CEA94CFC2AB3CCEF00E43D31 /* AppDelegate.swift */; };
		CEA94CFF2AB3CCEF00E43D31 /* SceneDelegate.swift in Sources */ = {isa = PBXBuildFile; fileRef = CEA94CFE2AB3CCEF00E43D31 /* SceneDelegate.swift */; };
		CEA94D042AB3CCEF00E43D31 /* Main.storyboard in Resources */ = {isa = PBXBuildFile; fileRef = CEA94D022AB3CCEF00E43D31 /* Main.storyboard */; };
		CEA94D062AB3CCF400E43D31 /* Assets.xcassets in Resources */ = {isa = PBXBuildFile; fileRef = CEA94D052AB3CCF400E43D31 /* Assets.xcassets */; };
		CEA94D092AB3CCF400E43D31 /* LaunchScreen.storyboard in Resources */ = {isa = PBXBuildFile; fileRef = CEA94D072AB3CCF400E43D31 /* LaunchScreen.storyboard */; };
		CEA94D142AB3CCF400E43D31 /* TestBitcoinWalletTests.swift in Sources */ = {isa = PBXBuildFile; fileRef = CEA94D132AB3CCF400E43D31 /* TestBitcoinWalletTests.swift */; };
		CEA94D1E2AB3CCF400E43D31 /* TestBitcoinWalletUITests.swift in Sources */ = {isa = PBXBuildFile; fileRef = CEA94D1D2AB3CCF400E43D31 /* TestBitcoinWalletUITests.swift */; };
		CEA94D202AB3CCF400E43D31 /* TestBitcoinWalletUITestsLaunchTests.swift in Sources */ = {isa = PBXBuildFile; fileRef = CEA94D1F2AB3CCF400E43D31 /* TestBitcoinWalletUITestsLaunchTests.swift */; };
		CEA94D2E2AB3CE3B00E43D31 /* BitcoinKit in Frameworks */ = {isa = PBXBuildFile; productRef = CEA94D2D2AB3CE3B00E43D31 /* BitcoinKit */; };
		CEA94D3D2AB3DA8800E43D31 /* FoundationExtensions.swift in Sources */ = {isa = PBXBuildFile; fileRef = CEA94D3C2AB3DA8800E43D31 /* FoundationExtensions.swift */; };
		CEA94D4C2AB40D5D00E43D31 /* SetupWalletViewController.swift in Sources */ = {isa = PBXBuildFile; fileRef = CEA94D4A2AB40D5D00E43D31 /* SetupWalletViewController.swift */; };
		CEA94D4D2AB40D5D00E43D31 /* SetupWalletViewController.xib in Resources */ = {isa = PBXBuildFile; fileRef = CEA94D4B2AB40D5D00E43D31 /* SetupWalletViewController.xib */; };
		CEA94D532AB4120B00E43D31 /* BalanceCoordinator.swift in Sources */ = {isa = PBXBuildFile; fileRef = CEA94D522AB4120B00E43D31 /* BalanceCoordinator.swift */; };
		CEA94D562AB4122C00E43D31 /* RecieveCryptoViewController.swift in Sources */ = {isa = PBXBuildFile; fileRef = CEA94D542AB4122C00E43D31 /* RecieveCryptoViewController.swift */; };
		CEA94D572AB4122C00E43D31 /* RecieveCryptoViewController.xib in Resources */ = {isa = PBXBuildFile; fileRef = CEA94D552AB4122C00E43D31 /* RecieveCryptoViewController.xib */; };
		CEA94D5A2AB4124B00E43D31 /* SendCryptoViewController.swift in Sources */ = {isa = PBXBuildFile; fileRef = CEA94D582AB4124B00E43D31 /* SendCryptoViewController.swift */; };
		CEA94D5B2AB4124B00E43D31 /* SendCryptoViewController.xib in Resources */ = {isa = PBXBuildFile; fileRef = CEA94D592AB4124B00E43D31 /* SendCryptoViewController.xib */; };
		CEA94D5F2AB4127400E43D31 /* BalanceViewController.swift in Sources */ = {isa = PBXBuildFile; fileRef = CEA94D5D2AB4127400E43D31 /* BalanceViewController.swift */; };
		CEA94D602AB4127400E43D31 /* BalanceViewController.xib in Resources */ = {isa = PBXBuildFile; fileRef = CEA94D5E2AB4127400E43D31 /* BalanceViewController.xib */; };
		CEA94D632AB4E67D00E43D31 /* BaseViewController.swift in Sources */ = {isa = PBXBuildFile; fileRef = CEA94D622AB4E67D00E43D31 /* BaseViewController.swift */; };
		CEA94D652AB4E69A00E43D31 /* BasePresenter.swift in Sources */ = {isa = PBXBuildFile; fileRef = CEA94D642AB4E69A00E43D31 /* BasePresenter.swift */; };
		CEA94D672AB4EA9600E43D31 /* SetupWalletPresenter.swift in Sources */ = {isa = PBXBuildFile; fileRef = CEA94D662AB4EA9600E43D31 /* SetupWalletPresenter.swift */; };
		CEA94D692AB4FBCC00E43D31 /* RecieveCryptoPresenter.swift in Sources */ = {isa = PBXBuildFile; fileRef = CEA94D682AB4FBCC00E43D31 /* RecieveCryptoPresenter.swift */; };
		CEA94D6B2AB5078C00E43D31 /* BalancePresenter.swift in Sources */ = {isa = PBXBuildFile; fileRef = CEA94D6A2AB5078C00E43D31 /* BalancePresenter.swift */; };
		CEA94D6D2AB519FB00E43D31 /* Coordinator.swift in Sources */ = {isa = PBXBuildFile; fileRef = CEA94D6C2AB519FB00E43D31 /* Coordinator.swift */; };
		CEA94D702AB5255C00E43D31 /* MainRouter.swift in Sources */ = {isa = PBXBuildFile; fileRef = CEA94D6F2AB5255C00E43D31 /* MainRouter.swift */; };
		CEA94D722AB525DA00E43D31 /* SendCoordinator.swift in Sources */ = {isa = PBXBuildFile; fileRef = CEA94D712AB525DA00E43D31 /* SendCoordinator.swift */; };
		CEA94D742AB5260600E43D31 /* ReceiveCoordinator.swift in Sources */ = {isa = PBXBuildFile; fileRef = CEA94D732AB5260600E43D31 /* ReceiveCoordinator.swift */; };
		CEA94D812AB64C5900E43D31 /* SendCryptoPresenter.swift in Sources */ = {isa = PBXBuildFile; fileRef = CEA94D802AB64C5900E43D31 /* SendCryptoPresenter.swift */; };
		CEA94D832AB6605100E43D31 /* BitcoinManager.swift in Sources */ = {isa = PBXBuildFile; fileRef = CEA94D822AB6605100E43D31 /* BitcoinManager.swift */; };
		CEA94D882AB766CE00E43D31 /* UserDefault.swift in Sources */ = {isa = PBXBuildFile; fileRef = CEA94D872AB766CE00E43D31 /* UserDefault.swift */; };
		CEA94D8A2AB771ED00E43D31 /* Builder.swift in Sources */ = {isa = PBXBuildFile; fileRef = CEA94D892AB771ED00E43D31 /* Builder.swift */; };
		CEA94D8C2AB7721000E43D31 /* SendBuilder.swift in Sources */ = {isa = PBXBuildFile; fileRef = CEA94D8B2AB7721000E43D31 /* SendBuilder.swift */; };
		CEA94D8E2AB7723B00E43D31 /* RecieveBuilder.swift in Sources */ = {isa = PBXBuildFile; fileRef = CEA94D8D2AB7723B00E43D31 /* RecieveBuilder.swift */; };
		CEA94D902AB7726B00E43D31 /* BalanceBuilder.swift in Sources */ = {isa = PBXBuildFile; fileRef = CEA94D8F2AB7726B00E43D31 /* BalanceBuilder.swift */; };
		CEE7107E2AC90D380064F1BE /* CoinMarketManager.swift in Sources */ = {isa = PBXBuildFile; fileRef = CEE7107D2AC90D380064F1BE /* CoinMarketManager.swift */; };
		CEE710A12ACB37AB0064F1BE /* CryptoCoinsResponse.swift in Sources */ = {isa = PBXBuildFile; fileRef = CEE710A02ACB37AB0064F1BE /* CryptoCoinsResponse.swift */; };
		CEE710A62ACB3A310064F1BE /* CryptoCoinsMenuCoordinator.swift in Sources */ = {isa = PBXBuildFile; fileRef = CEE710A52ACB3A310064F1BE /* CryptoCoinsMenuCoordinator.swift */; };
		CEE710A82ACB3A3A0064F1BE /* CryptoCoinsMenuBuilder.swift in Sources */ = {isa = PBXBuildFile; fileRef = CEE710A72ACB3A3A0064F1BE /* CryptoCoinsMenuBuilder.swift */; };
		CEE710AA2ACB3A590064F1BE /* CoinsListViewModel.swift in Sources */ = {isa = PBXBuildFile; fileRef = CEE710A92ACB3A590064F1BE /* CoinsListViewModel.swift */; };
		CEE710AC2ACB3A750064F1BE /* CoinsListView.swift in Sources */ = {isa = PBXBuildFile; fileRef = CEE710AB2ACB3A750064F1BE /* CoinsListView.swift */; };
		CEE710AE2ACB4A860064F1BE /* UIExtensions.swift in Sources */ = {isa = PBXBuildFile; fileRef = CEE710AD2ACB4A860064F1BE /* UIExtensions.swift */; };
		CEFB67DD2AC7C6B600664474 /* BalanceService.swift in Sources */ = {isa = PBXBuildFile; fileRef = CEFB67DC2AC7C6B600664474 /* BalanceService.swift */; };
		CEFB67DF2AC7C83400664474 /* SendCryptoService.swift in Sources */ = {isa = PBXBuildFile; fileRef = CEFB67DE2AC7C83400664474 /* SendCryptoService.swift */; };
		CEFB67E12AC7C9DF00664474 /* RecieveCryptoService.swift in Sources */ = {isa = PBXBuildFile; fileRef = CEFB67E02AC7C9DF00664474 /* RecieveCryptoService.swift */; };
		CEFB67E32AC7CAD600664474 /* LoginService.swift in Sources */ = {isa = PBXBuildFile; fileRef = CEFB67E22AC7CAD600664474 /* LoginService.swift */; };
/* End PBXBuildFile section */

/* Begin PBXContainerItemProxy section */
		CEA94D102AB3CCF400E43D31 /* PBXContainerItemProxy */ = {
			isa = PBXContainerItemProxy;
			containerPortal = CEA94CF12AB3CCEF00E43D31 /* Project object */;
			proxyType = 1;
			remoteGlobalIDString = CEA94CF82AB3CCEF00E43D31;
			remoteInfo = TestBitcoinWallet;
		};
		CEA94D1A2AB3CCF400E43D31 /* PBXContainerItemProxy */ = {
			isa = PBXContainerItemProxy;
			containerPortal = CEA94CF12AB3CCEF00E43D31 /* Project object */;
			proxyType = 1;
			remoteGlobalIDString = CEA94CF82AB3CCEF00E43D31;
			remoteInfo = TestBitcoinWallet;
		};
/* End PBXContainerItemProxy section */

/* Begin PBXFileReference section */
		CEA94CF92AB3CCEF00E43D31 /* TestBitcoinWallet.app */ = {isa = PBXFileReference; explicitFileType = wrapper.application; includeInIndex = 0; path = TestBitcoinWallet.app; sourceTree = BUILT_PRODUCTS_DIR; };
		CEA94CFC2AB3CCEF00E43D31 /* AppDelegate.swift */ = {isa = PBXFileReference; lastKnownFileType = sourcecode.swift; path = AppDelegate.swift; sourceTree = "<group>"; };
		CEA94CFE2AB3CCEF00E43D31 /* SceneDelegate.swift */ = {isa = PBXFileReference; lastKnownFileType = sourcecode.swift; path = SceneDelegate.swift; sourceTree = "<group>"; };
		CEA94D032AB3CCEF00E43D31 /* Base */ = {isa = PBXFileReference; lastKnownFileType = file.storyboard; name = Base; path = Base.lproj/Main.storyboard; sourceTree = "<group>"; };
		CEA94D052AB3CCF400E43D31 /* Assets.xcassets */ = {isa = PBXFileReference; lastKnownFileType = folder.assetcatalog; path = Assets.xcassets; sourceTree = "<group>"; };
		CEA94D082AB3CCF400E43D31 /* Base */ = {isa = PBXFileReference; lastKnownFileType = file.storyboard; name = Base; path = Base.lproj/LaunchScreen.storyboard; sourceTree = "<group>"; };
		CEA94D0A2AB3CCF400E43D31 /* Info.plist */ = {isa = PBXFileReference; lastKnownFileType = text.plist.xml; path = Info.plist; sourceTree = "<group>"; };
		CEA94D0F2AB3CCF400E43D31 /* TestBitcoinWalletTests.xctest */ = {isa = PBXFileReference; explicitFileType = wrapper.cfbundle; includeInIndex = 0; path = TestBitcoinWalletTests.xctest; sourceTree = BUILT_PRODUCTS_DIR; };
		CEA94D132AB3CCF400E43D31 /* TestBitcoinWalletTests.swift */ = {isa = PBXFileReference; lastKnownFileType = sourcecode.swift; path = TestBitcoinWalletTests.swift; sourceTree = "<group>"; };
		CEA94D192AB3CCF400E43D31 /* TestBitcoinWalletUITests.xctest */ = {isa = PBXFileReference; explicitFileType = wrapper.cfbundle; includeInIndex = 0; path = TestBitcoinWalletUITests.xctest; sourceTree = BUILT_PRODUCTS_DIR; };
		CEA94D1D2AB3CCF400E43D31 /* TestBitcoinWalletUITests.swift */ = {isa = PBXFileReference; lastKnownFileType = sourcecode.swift; path = TestBitcoinWalletUITests.swift; sourceTree = "<group>"; };
		CEA94D1F2AB3CCF400E43D31 /* TestBitcoinWalletUITestsLaunchTests.swift */ = {isa = PBXFileReference; lastKnownFileType = sourcecode.swift; path = TestBitcoinWalletUITestsLaunchTests.swift; sourceTree = "<group>"; };
		CEA94D3C2AB3DA8800E43D31 /* FoundationExtensions.swift */ = {isa = PBXFileReference; lastKnownFileType = sourcecode.swift; path = FoundationExtensions.swift; sourceTree = "<group>"; };
		CEA94D4A2AB40D5D00E43D31 /* SetupWalletViewController.swift */ = {isa = PBXFileReference; lastKnownFileType = sourcecode.swift; path = SetupWalletViewController.swift; sourceTree = "<group>"; };
		CEA94D4B2AB40D5D00E43D31 /* SetupWalletViewController.xib */ = {isa = PBXFileReference; lastKnownFileType = file.xib; path = SetupWalletViewController.xib; sourceTree = "<group>"; };
		CEA94D522AB4120B00E43D31 /* BalanceCoordinator.swift */ = {isa = PBXFileReference; lastKnownFileType = sourcecode.swift; path = BalanceCoordinator.swift; sourceTree = "<group>"; };
		CEA94D542AB4122C00E43D31 /* RecieveCryptoViewController.swift */ = {isa = PBXFileReference; lastKnownFileType = sourcecode.swift; path = RecieveCryptoViewController.swift; sourceTree = "<group>"; };
		CEA94D552AB4122C00E43D31 /* RecieveCryptoViewController.xib */ = {isa = PBXFileReference; lastKnownFileType = file.xib; path = RecieveCryptoViewController.xib; sourceTree = "<group>"; };
		CEA94D582AB4124B00E43D31 /* SendCryptoViewController.swift */ = {isa = PBXFileReference; lastKnownFileType = sourcecode.swift; path = SendCryptoViewController.swift; sourceTree = "<group>"; };
		CEA94D592AB4124B00E43D31 /* SendCryptoViewController.xib */ = {isa = PBXFileReference; lastKnownFileType = file.xib; path = SendCryptoViewController.xib; sourceTree = "<group>"; };
		CEA94D5D2AB4127400E43D31 /* BalanceViewController.swift */ = {isa = PBXFileReference; lastKnownFileType = sourcecode.swift; path = BalanceViewController.swift; sourceTree = "<group>"; };
		CEA94D5E2AB4127400E43D31 /* BalanceViewController.xib */ = {isa = PBXFileReference; lastKnownFileType = file.xib; path = BalanceViewController.xib; sourceTree = "<group>"; };
		CEA94D622AB4E67D00E43D31 /* BaseViewController.swift */ = {isa = PBXFileReference; lastKnownFileType = sourcecode.swift; path = BaseViewController.swift; sourceTree = "<group>"; };
		CEA94D642AB4E69A00E43D31 /* BasePresenter.swift */ = {isa = PBXFileReference; lastKnownFileType = sourcecode.swift; path = BasePresenter.swift; sourceTree = "<group>"; };
		CEA94D662AB4EA9600E43D31 /* SetupWalletPresenter.swift */ = {isa = PBXFileReference; lastKnownFileType = sourcecode.swift; path = SetupWalletPresenter.swift; sourceTree = "<group>"; };
		CEA94D682AB4FBCC00E43D31 /* RecieveCryptoPresenter.swift */ = {isa = PBXFileReference; lastKnownFileType = sourcecode.swift; path = RecieveCryptoPresenter.swift; sourceTree = "<group>"; };
		CEA94D6A2AB5078C00E43D31 /* BalancePresenter.swift */ = {isa = PBXFileReference; lastKnownFileType = sourcecode.swift; path = BalancePresenter.swift; sourceTree = "<group>"; };
		CEA94D6C2AB519FB00E43D31 /* Coordinator.swift */ = {isa = PBXFileReference; lastKnownFileType = sourcecode.swift; path = Coordinator.swift; sourceTree = "<group>"; };
		CEA94D6F2AB5255C00E43D31 /* MainRouter.swift */ = {isa = PBXFileReference; lastKnownFileType = sourcecode.swift; path = MainRouter.swift; sourceTree = "<group>"; };
		CEA94D712AB525DA00E43D31 /* SendCoordinator.swift */ = {isa = PBXFileReference; lastKnownFileType = sourcecode.swift; path = SendCoordinator.swift; sourceTree = "<group>"; };
		CEA94D732AB5260600E43D31 /* ReceiveCoordinator.swift */ = {isa = PBXFileReference; lastKnownFileType = sourcecode.swift; path = ReceiveCoordinator.swift; sourceTree = "<group>"; };
		CEA94D802AB64C5900E43D31 /* SendCryptoPresenter.swift */ = {isa = PBXFileReference; lastKnownFileType = sourcecode.swift; path = SendCryptoPresenter.swift; sourceTree = "<group>"; };
		CEA94D822AB6605100E43D31 /* BitcoinManager.swift */ = {isa = PBXFileReference; lastKnownFileType = sourcecode.swift; path = BitcoinManager.swift; sourceTree = "<group>"; };
		CEA94D872AB766CE00E43D31 /* UserDefault.swift */ = {isa = PBXFileReference; lastKnownFileType = sourcecode.swift; path = UserDefault.swift; sourceTree = "<group>"; };
		CEA94D892AB771ED00E43D31 /* Builder.swift */ = {isa = PBXFileReference; lastKnownFileType = sourcecode.swift; path = Builder.swift; sourceTree = "<group>"; };
		CEA94D8B2AB7721000E43D31 /* SendBuilder.swift */ = {isa = PBXFileReference; lastKnownFileType = sourcecode.swift; path = SendBuilder.swift; sourceTree = "<group>"; };
		CEA94D8D2AB7723B00E43D31 /* RecieveBuilder.swift */ = {isa = PBXFileReference; lastKnownFileType = sourcecode.swift; path = RecieveBuilder.swift; sourceTree = "<group>"; };
		CEA94D8F2AB7726B00E43D31 /* BalanceBuilder.swift */ = {isa = PBXFileReference; lastKnownFileType = sourcecode.swift; path = BalanceBuilder.swift; sourceTree = "<group>"; };
		CEE7107D2AC90D380064F1BE /* CoinMarketManager.swift */ = {isa = PBXFileReference; lastKnownFileType = sourcecode.swift; path = CoinMarketManager.swift; sourceTree = "<group>"; };
		CEE710A02ACB37AB0064F1BE /* CryptoCoinsResponse.swift */ = {isa = PBXFileReference; lastKnownFileType = sourcecode.swift; path = CryptoCoinsResponse.swift; sourceTree = "<group>"; };
		CEE710A52ACB3A310064F1BE /* CryptoCoinsMenuCoordinator.swift */ = {isa = PBXFileReference; lastKnownFileType = sourcecode.swift; path = CryptoCoinsMenuCoordinator.swift; sourceTree = "<group>"; };
		CEE710A72ACB3A3A0064F1BE /* CryptoCoinsMenuBuilder.swift */ = {isa = PBXFileReference; lastKnownFileType = sourcecode.swift; path = CryptoCoinsMenuBuilder.swift; sourceTree = "<group>"; };
		CEE710A92ACB3A590064F1BE /* CoinsListViewModel.swift */ = {isa = PBXFileReference; lastKnownFileType = sourcecode.swift; path = CoinsListViewModel.swift; sourceTree = "<group>"; };
		CEE710AB2ACB3A750064F1BE /* CoinsListView.swift */ = {isa = PBXFileReference; lastKnownFileType = sourcecode.swift; path = CoinsListView.swift; sourceTree = "<group>"; };
		CEE710AD2ACB4A860064F1BE /* UIExtensions.swift */ = {isa = PBXFileReference; lastKnownFileType = sourcecode.swift; path = UIExtensions.swift; sourceTree = "<group>"; };
		CEFB67DC2AC7C6B600664474 /* BalanceService.swift */ = {isa = PBXFileReference; lastKnownFileType = sourcecode.swift; path = BalanceService.swift; sourceTree = "<group>"; };
		CEFB67DE2AC7C83400664474 /* SendCryptoService.swift */ = {isa = PBXFileReference; lastKnownFileType = sourcecode.swift; path = SendCryptoService.swift; sourceTree = "<group>"; };
		CEFB67E02AC7C9DF00664474 /* RecieveCryptoService.swift */ = {isa = PBXFileReference; lastKnownFileType = sourcecode.swift; path = RecieveCryptoService.swift; sourceTree = "<group>"; };
		CEFB67E22AC7CAD600664474 /* LoginService.swift */ = {isa = PBXFileReference; lastKnownFileType = sourcecode.swift; path = LoginService.swift; sourceTree = "<group>"; };
/* End PBXFileReference section */

/* Begin PBXFrameworksBuildPhase section */
		CEA94CF62AB3CCEF00E43D31 /* Frameworks */ = {
			isa = PBXFrameworksBuildPhase;
			buildActionMask = 2147483647;
			files = (
				CEA94D2E2AB3CE3B00E43D31 /* BitcoinKit in Frameworks */,
			);
			runOnlyForDeploymentPostprocessing = 0;
		};
		CEA94D0C2AB3CCF400E43D31 /* Frameworks */ = {
			isa = PBXFrameworksBuildPhase;
			buildActionMask = 2147483647;
			files = (
			);
			runOnlyForDeploymentPostprocessing = 0;
		};
		CEA94D162AB3CCF400E43D31 /* Frameworks */ = {
			isa = PBXFrameworksBuildPhase;
			buildActionMask = 2147483647;
			files = (
			);
			runOnlyForDeploymentPostprocessing = 0;
		};
/* End PBXFrameworksBuildPhase section */

/* Begin PBXGroup section */
		CEA94CF02AB3CCEF00E43D31 = {
			isa = PBXGroup;
			children = (
				CEA94CFB2AB3CCEF00E43D31 /* TestBitcoinWallet */,
				CEA94D122AB3CCF400E43D31 /* TestBitcoinWalletTests */,
				CEA94D1C2AB3CCF400E43D31 /* TestBitcoinWalletUITests */,
				CEA94CFA2AB3CCEF00E43D31 /* Products */,
			);
			sourceTree = "<group>";
		};
		CEA94CFA2AB3CCEF00E43D31 /* Products */ = {
			isa = PBXGroup;
			children = (
				CEA94CF92AB3CCEF00E43D31 /* TestBitcoinWallet.app */,
				CEA94D0F2AB3CCF400E43D31 /* TestBitcoinWalletTests.xctest */,
				CEA94D192AB3CCF400E43D31 /* TestBitcoinWalletUITests.xctest */,
			);
			name = Products;
			sourceTree = "<group>";
		};
		CEA94CFB2AB3CCEF00E43D31 /* TestBitcoinWallet */ = {
			isa = PBXGroup;
			children = (
				CEA94D6E2AB5253400E43D31 /* Router */,
				CEA94D352AB3DA0E00E43D31 /* Common */,
				CEA94D372AB3DA1A00E43D31 /* Logic */,
				CEA94D362AB3DA1300E43D31 /* Modules */,
				CEA94D0A2AB3CCF400E43D31 /* Info.plist */,
				CEA94D382AB3DA1E00E43D31 /* Resources */,
			);
			path = TestBitcoinWallet;
			sourceTree = "<group>";
		};
		CEA94D122AB3CCF400E43D31 /* TestBitcoinWalletTests */ = {
			isa = PBXGroup;
			children = (
				CEA94D132AB3CCF400E43D31 /* TestBitcoinWalletTests.swift */,
			);
			path = TestBitcoinWalletTests;
			sourceTree = "<group>";
		};
		CEA94D1C2AB3CCF400E43D31 /* TestBitcoinWalletUITests */ = {
			isa = PBXGroup;
			children = (
				CEA94D1D2AB3CCF400E43D31 /* TestBitcoinWalletUITests.swift */,
				CEA94D1F2AB3CCF400E43D31 /* TestBitcoinWalletUITestsLaunchTests.swift */,
			);
			path = TestBitcoinWalletUITests;
			sourceTree = "<group>";
		};
		CEA94D352AB3DA0E00E43D31 /* Common */ = {
			isa = PBXGroup;
			children = (
				CEA94D862AB766AB00E43D31 /* PropertyWrappers */,
				CEA94D612AB4E63D00E43D31 /* Protocols */,
				CEA94D3B2AB3DA7700E43D31 /* Extensions */,
			);
			path = Common;
			sourceTree = "<group>";
		};
		CEA94D362AB3DA1300E43D31 /* Modules */ = {
			isa = PBXGroup;
			children = (
				CEA94D4E2AB4115100E43D31 /* MainMenu */,
				CEA94D3E2AB3DA8E00E43D31 /* Login */,
			);
			path = Modules;
			sourceTree = "<group>";
		};
		CEA94D372AB3DA1A00E43D31 /* Logic */ = {
			isa = PBXGroup;
			children = (
				CEE7109F2ACB378C0064F1BE /* Models */,
				CEFB67DB2AC7C69100664474 /* Services */,
				CEA94D3A2AB3DA5400E43D31 /* Managers */,
			);
			path = Logic;
			sourceTree = "<group>";
		};
		CEA94D382AB3DA1E00E43D31 /* Resources */ = {
			isa = PBXGroup;
			children = (
				CEA94CFC2AB3CCEF00E43D31 /* AppDelegate.swift */,
				CEA94CFE2AB3CCEF00E43D31 /* SceneDelegate.swift */,
				CEA94D052AB3CCF400E43D31 /* Assets.xcassets */,
				CEA94D022AB3CCEF00E43D31 /* Main.storyboard */,
				CEA94D072AB3CCF400E43D31 /* LaunchScreen.storyboard */,
			);
			path = Resources;
			sourceTree = "<group>";
		};
		CEA94D3A2AB3DA5400E43D31 /* Managers */ = {
			isa = PBXGroup;
			children = (
				CEA94D822AB6605100E43D31 /* BitcoinManager.swift */,
				CEE7107D2AC90D380064F1BE /* CoinMarketManager.swift */,
			);
			path = Managers;
			sourceTree = "<group>";
		};
		CEA94D3B2AB3DA7700E43D31 /* Extensions */ = {
			isa = PBXGroup;
			children = (
				CEA94D3C2AB3DA8800E43D31 /* FoundationExtensions.swift */,
				CEE710AD2ACB4A860064F1BE /* UIExtensions.swift */,
			);
			path = Extensions;
			sourceTree = "<group>";
		};
		CEA94D3E2AB3DA8E00E43D31 /* Login */ = {
			isa = PBXGroup;
			children = (
				CEA94D952AB7745600E43D31 /* SetupWallet */,
			);
			path = Login;
			sourceTree = "<group>";
		};
		CEA94D4E2AB4115100E43D31 /* MainMenu */ = {
			isa = PBXGroup;
			children = (
				CEE710A22ACB39E10064F1BE /* CryptoCoinsMenu */,
				CEA94D5C2AB4124F00E43D31 /* Balance */,
				CEA94D502AB411DC00E43D31 /* Recieve */,
				CEA94D4F2AB4117000E43D31 /* Send */,
			);
			path = MainMenu;
			sourceTree = "<group>";
		};
		CEA94D4F2AB4117000E43D31 /* Send */ = {
			isa = PBXGroup;
			children = (
				CEA94D932AB7734600E43D31 /* FlowRouter */,
				CEA94D762AB5267B00E43D31 /* SendCrypto */,
			);
			path = Send;
			sourceTree = "<group>";
		};
		CEA94D502AB411DC00E43D31 /* Recieve */ = {
			isa = PBXGroup;
			children = (
				CEA94D922AB7732D00E43D31 /* FlowRouter */,
				CEA94D752AB5265E00E43D31 /* RecieveCrypto */,
			);
			path = Recieve;
			sourceTree = "<group>";
		};
		CEA94D5C2AB4124F00E43D31 /* Balance */ = {
			isa = PBXGroup;
			children = (
				CEA94D912AB7732000E43D31 /* FlowRouter */,
				CEA94D772AB526F700E43D31 /* WalletBalance */,
			);
			path = Balance;
			sourceTree = "<group>";
		};
		CEA94D612AB4E63D00E43D31 /* Protocols */ = {
			isa = PBXGroup;
			children = (
				CEA94D622AB4E67D00E43D31 /* BaseViewController.swift */,
				CEA94D642AB4E69A00E43D31 /* BasePresenter.swift */,
				CEA94D6C2AB519FB00E43D31 /* Coordinator.swift */,
				CEA94D892AB771ED00E43D31 /* Builder.swift */,
			);
			path = Protocols;
			sourceTree = "<group>";
		};
		CEA94D6E2AB5253400E43D31 /* Router */ = {
			isa = PBXGroup;
			children = (
				CEA94D6F2AB5255C00E43D31 /* MainRouter.swift */,
			);
			path = Router;
			sourceTree = "<group>";
		};
		CEA94D752AB5265E00E43D31 /* RecieveCrypto */ = {
			isa = PBXGroup;
			children = (
				CEA94D682AB4FBCC00E43D31 /* RecieveCryptoPresenter.swift */,
				CEA94D542AB4122C00E43D31 /* RecieveCryptoViewController.swift */,
				CEA94D552AB4122C00E43D31 /* RecieveCryptoViewController.xib */,
			);
			path = RecieveCrypto;
			sourceTree = "<group>";
		};
		CEA94D762AB5267B00E43D31 /* SendCrypto */ = {
			isa = PBXGroup;
			children = (
				CEA94D802AB64C5900E43D31 /* SendCryptoPresenter.swift */,
				CEA94D582AB4124B00E43D31 /* SendCryptoViewController.swift */,
				CEA94D592AB4124B00E43D31 /* SendCryptoViewController.xib */,
			);
			path = SendCrypto;
			sourceTree = "<group>";
		};
		CEA94D772AB526F700E43D31 /* WalletBalance */ = {
			isa = PBXGroup;
			children = (
				CEA94D6A2AB5078C00E43D31 /* BalancePresenter.swift */,
				CEA94D5D2AB4127400E43D31 /* BalanceViewController.swift */,
				CEA94D5E2AB4127400E43D31 /* BalanceViewController.xib */,
			);
			path = WalletBalance;
			sourceTree = "<group>";
		};
		CEA94D862AB766AB00E43D31 /* PropertyWrappers */ = {
			isa = PBXGroup;
			children = (
				CEA94D872AB766CE00E43D31 /* UserDefault.swift */,
			);
			path = PropertyWrappers;
			sourceTree = "<group>";
		};
		CEA94D912AB7732000E43D31 /* FlowRouter */ = {
			isa = PBXGroup;
			children = (
				CEA94D522AB4120B00E43D31 /* BalanceCoordinator.swift */,
				CEA94D8F2AB7726B00E43D31 /* BalanceBuilder.swift */,
			);
			path = FlowRouter;
			sourceTree = "<group>";
		};
		CEA94D922AB7732D00E43D31 /* FlowRouter */ = {
			isa = PBXGroup;
			children = (
				CEA94D732AB5260600E43D31 /* ReceiveCoordinator.swift */,
				CEA94D8D2AB7723B00E43D31 /* RecieveBuilder.swift */,
			);
			path = FlowRouter;
			sourceTree = "<group>";
		};
		CEA94D932AB7734600E43D31 /* FlowRouter */ = {
			isa = PBXGroup;
			children = (
				CEA94D712AB525DA00E43D31 /* SendCoordinator.swift */,
				CEA94D8B2AB7721000E43D31 /* SendBuilder.swift */,
			);
			path = FlowRouter;
			sourceTree = "<group>";
		};
		CEA94D952AB7745600E43D31 /* SetupWallet */ = {
			isa = PBXGroup;
			children = (
				CEA94D662AB4EA9600E43D31 /* SetupWalletPresenter.swift */,
				CEA94D4A2AB40D5D00E43D31 /* SetupWalletViewController.swift */,
				CEA94D4B2AB40D5D00E43D31 /* SetupWalletViewController.xib */,
			);
			path = SetupWallet;
			sourceTree = "<group>";
		};
		CEE7109F2ACB378C0064F1BE /* Models */ = {
			isa = PBXGroup;
			children = (
				CEE710A02ACB37AB0064F1BE /* CryptoCoinsResponse.swift */,
			);
			path = Models;
			sourceTree = "<group>";
		};
		CEE710A22ACB39E10064F1BE /* CryptoCoinsMenu */ = {
			isa = PBXGroup;
			children = (
				CEE710A32ACB39F00064F1BE /* FlowRouter */,
				CEE710A42ACB39F60064F1BE /* CoinsList */,
			);
			path = CryptoCoinsMenu;
			sourceTree = "<group>";
		};
		CEE710A32ACB39F00064F1BE /* FlowRouter */ = {
			isa = PBXGroup;
			children = (
				CEE710A52ACB3A310064F1BE /* CryptoCoinsMenuCoordinator.swift */,
				CEE710A72ACB3A3A0064F1BE /* CryptoCoinsMenuBuilder.swift */,
			);
			path = FlowRouter;
			sourceTree = "<group>";
		};
		CEE710A42ACB39F60064F1BE /* CoinsList */ = {
			isa = PBXGroup;
			children = (
				CEE710A92ACB3A590064F1BE /* CoinsListViewModel.swift */,
				CEE710AB2ACB3A750064F1BE /* CoinsListView.swift */,
			);
			path = CoinsList;
			sourceTree = "<group>";
		};
		CEFB67DB2AC7C69100664474 /* Services */ = {
			isa = PBXGroup;
			children = (
				CEFB67E22AC7CAD600664474 /* LoginService.swift */,
				CEFB67DC2AC7C6B600664474 /* BalanceService.swift */,
				CEFB67DE2AC7C83400664474 /* SendCryptoService.swift */,
				CEFB67E02AC7C9DF00664474 /* RecieveCryptoService.swift */,
			);
			path = Services;
			sourceTree = "<group>";
		};
/* End PBXGroup section */

/* Begin PBXNativeTarget section */
		CEA94CF82AB3CCEF00E43D31 /* TestBitcoinWallet */ = {
			isa = PBXNativeTarget;
			buildConfigurationList = CEA94D232AB3CCF400E43D31 /* Build configuration list for PBXNativeTarget "TestBitcoinWallet" */;
			buildPhases = (
				CEA94CF52AB3CCEF00E43D31 /* Sources */,
				CEA94CF62AB3CCEF00E43D31 /* Frameworks */,
				CEA94CF72AB3CCEF00E43D31 /* Resources */,
			);
			buildRules = (
			);
			dependencies = (
			);
			name = TestBitcoinWallet;
			packageProductDependencies = (
				CEA94D2D2AB3CE3B00E43D31 /* BitcoinKit */,
			);
			productName = TestBitcoinWallet;
			productReference = CEA94CF92AB3CCEF00E43D31 /* TestBitcoinWallet.app */;
			productType = "com.apple.product-type.application";
		};
		CEA94D0E2AB3CCF400E43D31 /* TestBitcoinWalletTests */ = {
			isa = PBXNativeTarget;
			buildConfigurationList = CEA94D262AB3CCF400E43D31 /* Build configuration list for PBXNativeTarget "TestBitcoinWalletTests" */;
			buildPhases = (
				CEA94D0B2AB3CCF400E43D31 /* Sources */,
				CEA94D0C2AB3CCF400E43D31 /* Frameworks */,
				CEA94D0D2AB3CCF400E43D31 /* Resources */,
			);
			buildRules = (
			);
			dependencies = (
				CEA94D112AB3CCF400E43D31 /* PBXTargetDependency */,
			);
			name = TestBitcoinWalletTests;
			productName = TestBitcoinWalletTests;
			productReference = CEA94D0F2AB3CCF400E43D31 /* TestBitcoinWalletTests.xctest */;
			productType = "com.apple.product-type.bundle.unit-test";
		};
		CEA94D182AB3CCF400E43D31 /* TestBitcoinWalletUITests */ = {
			isa = PBXNativeTarget;
			buildConfigurationList = CEA94D292AB3CCF400E43D31 /* Build configuration list for PBXNativeTarget "TestBitcoinWalletUITests" */;
			buildPhases = (
				CEA94D152AB3CCF400E43D31 /* Sources */,
				CEA94D162AB3CCF400E43D31 /* Frameworks */,
				CEA94D172AB3CCF400E43D31 /* Resources */,
			);
			buildRules = (
			);
			dependencies = (
				CEA94D1B2AB3CCF400E43D31 /* PBXTargetDependency */,
			);
			name = TestBitcoinWalletUITests;
			productName = TestBitcoinWalletUITests;
			productReference = CEA94D192AB3CCF400E43D31 /* TestBitcoinWalletUITests.xctest */;
			productType = "com.apple.product-type.bundle.ui-testing";
		};
/* End PBXNativeTarget section */

/* Begin PBXProject section */
		CEA94CF12AB3CCEF00E43D31 /* Project object */ = {
			isa = PBXProject;
			attributes = {
				BuildIndependentTargetsInParallel = 1;
				LastSwiftUpdateCheck = 1430;
				LastUpgradeCheck = 1430;
				TargetAttributes = {
					CEA94CF82AB3CCEF00E43D31 = {
						CreatedOnToolsVersion = 14.3.1;
					};
					CEA94D0E2AB3CCF400E43D31 = {
						CreatedOnToolsVersion = 14.3.1;
						TestTargetID = CEA94CF82AB3CCEF00E43D31;
					};
					CEA94D182AB3CCF400E43D31 = {
						CreatedOnToolsVersion = 14.3.1;
						TestTargetID = CEA94CF82AB3CCEF00E43D31;
					};
				};
			};
			buildConfigurationList = CEA94CF42AB3CCEF00E43D31 /* Build configuration list for PBXProject "TestBitcoinWallet" */;
			compatibilityVersion = "Xcode 14.0";
			developmentRegion = en;
			hasScannedForEncodings = 0;
			knownRegions = (
				en,
				Base,
			);
			mainGroup = CEA94CF02AB3CCEF00E43D31;
			packageReferences = (
				CEA94D2C2AB3CE3B00E43D31 /* XCRemoteSwiftPackageReference "BitcoinKit.Swift" */,
			);
			productRefGroup = CEA94CFA2AB3CCEF00E43D31 /* Products */;
			projectDirPath = "";
			projectRoot = "";
			targets = (
				CEA94CF82AB3CCEF00E43D31 /* TestBitcoinWallet */,
				CEA94D0E2AB3CCF400E43D31 /* TestBitcoinWalletTests */,
				CEA94D182AB3CCF400E43D31 /* TestBitcoinWalletUITests */,
			);
		};
/* End PBXProject section */

/* Begin PBXResourcesBuildPhase section */
		CEA94CF72AB3CCEF00E43D31 /* Resources */ = {
			isa = PBXResourcesBuildPhase;
			buildActionMask = 2147483647;
			files = (
				CEA94D092AB3CCF400E43D31 /* LaunchScreen.storyboard in Resources */,
				CEA94D602AB4127400E43D31 /* BalanceViewController.xib in Resources */,
				CEA94D572AB4122C00E43D31 /* RecieveCryptoViewController.xib in Resources */,
				CEA94D062AB3CCF400E43D31 /* Assets.xcassets in Resources */,
				CEA94D5B2AB4124B00E43D31 /* SendCryptoViewController.xib in Resources */,
				CEA94D042AB3CCEF00E43D31 /* Main.storyboard in Resources */,
				CEA94D4D2AB40D5D00E43D31 /* SetupWalletViewController.xib in Resources */,
			);
			runOnlyForDeploymentPostprocessing = 0;
		};
		CEA94D0D2AB3CCF400E43D31 /* Resources */ = {
			isa = PBXResourcesBuildPhase;
			buildActionMask = 2147483647;
			files = (
			);
			runOnlyForDeploymentPostprocessing = 0;
		};
		CEA94D172AB3CCF400E43D31 /* Resources */ = {
			isa = PBXResourcesBuildPhase;
			buildActionMask = 2147483647;
			files = (
			);
			runOnlyForDeploymentPostprocessing = 0;
		};
/* End PBXResourcesBuildPhase section */

/* Begin PBXSourcesBuildPhase section */
		CEA94CF52AB3CCEF00E43D31 /* Sources */ = {
			isa = PBXSourcesBuildPhase;
			buildActionMask = 2147483647;
			files = (
				CEA94D812AB64C5900E43D31 /* SendCryptoPresenter.swift in Sources */,
				CEE710A62ACB3A310064F1BE /* CryptoCoinsMenuCoordinator.swift in Sources */,
				CEA94CFD2AB3CCEF00E43D31 /* AppDelegate.swift in Sources */,
				CEA94D8A2AB771ED00E43D31 /* Builder.swift in Sources */,
				CEA94D652AB4E69A00E43D31 /* BasePresenter.swift in Sources */,
				CEA94D832AB6605100E43D31 /* BitcoinManager.swift in Sources */,
				CEA94D3D2AB3DA8800E43D31 /* FoundationExtensions.swift in Sources */,
				CEA94D562AB4122C00E43D31 /* RecieveCryptoViewController.swift in Sources */,
				CEE710AE2ACB4A860064F1BE /* UIExtensions.swift in Sources */,
				CEA94D702AB5255C00E43D31 /* MainRouter.swift in Sources */,
				CEE7107E2AC90D380064F1BE /* CoinMarketManager.swift in Sources */,
				CEA94D4C2AB40D5D00E43D31 /* SetupWalletViewController.swift in Sources */,
				CEFB67DD2AC7C6B600664474 /* BalanceService.swift in Sources */,
				CEA94D6D2AB519FB00E43D31 /* Coordinator.swift in Sources */,
				CEE710A12ACB37AB0064F1BE /* CryptoCoinsResponse.swift in Sources */,
				CEA94D692AB4FBCC00E43D31 /* RecieveCryptoPresenter.swift in Sources */,
				CEA94D8E2AB7723B00E43D31 /* RecieveBuilder.swift in Sources */,
				CEE710A82ACB3A3A0064F1BE /* CryptoCoinsMenuBuilder.swift in Sources */,
				CEA94D6B2AB5078C00E43D31 /* BalancePresenter.swift in Sources */,
				CEFB67E12AC7C9DF00664474 /* RecieveCryptoService.swift in Sources */,
				CEA94D742AB5260600E43D31 /* ReceiveCoordinator.swift in Sources */,
				CEA94D8C2AB7721000E43D31 /* SendBuilder.swift in Sources */,
				CEE710AA2ACB3A590064F1BE /* CoinsListViewModel.swift in Sources */,
				CEA94D882AB766CE00E43D31 /* UserDefault.swift in Sources */,
				CEA94D632AB4E67D00E43D31 /* BaseViewController.swift in Sources */,
				CEFB67E32AC7CAD600664474 /* LoginService.swift in Sources */,
				CEA94D672AB4EA9600E43D31 /* SetupWalletPresenter.swift in Sources */,
				CEE710AC2ACB3A750064F1BE /* CoinsListView.swift in Sources */,
				CEA94D722AB525DA00E43D31 /* SendCoordinator.swift in Sources */,
				CEA94CFF2AB3CCEF00E43D31 /* SceneDelegate.swift in Sources */,
				CEA94D902AB7726B00E43D31 /* BalanceBuilder.swift in Sources */,
				CEA94D532AB4120B00E43D31 /* BalanceCoordinator.swift in Sources */,
				CEFB67DF2AC7C83400664474 /* SendCryptoService.swift in Sources */,
				CEA94D5F2AB4127400E43D31 /* BalanceViewController.swift in Sources */,
				CEA94D5A2AB4124B00E43D31 /* SendCryptoViewController.swift in Sources */,
			);
			runOnlyForDeploymentPostprocessing = 0;
		};
		CEA94D0B2AB3CCF400E43D31 /* Sources */ = {
			isa = PBXSourcesBuildPhase;
			buildActionMask = 2147483647;
			files = (
				CEA94D142AB3CCF400E43D31 /* TestBitcoinWalletTests.swift in Sources */,
			);
			runOnlyForDeploymentPostprocessing = 0;
		};
		CEA94D152AB3CCF400E43D31 /* Sources */ = {
			isa = PBXSourcesBuildPhase;
			buildActionMask = 2147483647;
			files = (
				CEA94D202AB3CCF400E43D31 /* TestBitcoinWalletUITestsLaunchTests.swift in Sources */,
				CEA94D1E2AB3CCF400E43D31 /* TestBitcoinWalletUITests.swift in Sources */,
			);
			runOnlyForDeploymentPostprocessing = 0;
		};
/* End PBXSourcesBuildPhase section */

/* Begin PBXTargetDependency section */
		CEA94D112AB3CCF400E43D31 /* PBXTargetDependency */ = {
			isa = PBXTargetDependency;
			target = CEA94CF82AB3CCEF00E43D31 /* TestBitcoinWallet */;
			targetProxy = CEA94D102AB3CCF400E43D31 /* PBXContainerItemProxy */;
		};
		CEA94D1B2AB3CCF400E43D31 /* PBXTargetDependency */ = {
			isa = PBXTargetDependency;
			target = CEA94CF82AB3CCEF00E43D31 /* TestBitcoinWallet */;
			targetProxy = CEA94D1A2AB3CCF400E43D31 /* PBXContainerItemProxy */;
		};
/* End PBXTargetDependency section */

/* Begin PBXVariantGroup section */
		CEA94D022AB3CCEF00E43D31 /* Main.storyboard */ = {
			isa = PBXVariantGroup;
			children = (
				CEA94D032AB3CCEF00E43D31 /* Base */,
			);
			name = Main.storyboard;
			sourceTree = "<group>";
		};
		CEA94D072AB3CCF400E43D31 /* LaunchScreen.storyboard */ = {
			isa = PBXVariantGroup;
			children = (
				CEA94D082AB3CCF400E43D31 /* Base */,
			);
			name = LaunchScreen.storyboard;
			sourceTree = "<group>";
		};
/* End PBXVariantGroup section */

/* Begin XCBuildConfiguration section */
		CEA94D212AB3CCF400E43D31 /* Debug */ = {
			isa = XCBuildConfiguration;
			buildSettings = {
				ALWAYS_SEARCH_USER_PATHS = NO;
				CLANG_ANALYZER_NONNULL = YES;
				CLANG_ANALYZER_NUMBER_OBJECT_CONVERSION = YES_AGGRESSIVE;
				CLANG_CXX_LANGUAGE_STANDARD = "gnu++20";
				CLANG_ENABLE_MODULES = YES;
				CLANG_ENABLE_OBJC_ARC = YES;
				CLANG_ENABLE_OBJC_WEAK = YES;
				CLANG_WARN_BLOCK_CAPTURE_AUTORELEASING = YES;
				CLANG_WARN_BOOL_CONVERSION = YES;
				CLANG_WARN_COMMA = YES;
				CLANG_WARN_CONSTANT_CONVERSION = YES;
				CLANG_WARN_DEPRECATED_OBJC_IMPLEMENTATIONS = YES;
				CLANG_WARN_DIRECT_OBJC_ISA_USAGE = YES_ERROR;
				CLANG_WARN_DOCUMENTATION_COMMENTS = YES;
				CLANG_WARN_EMPTY_BODY = YES;
				CLANG_WARN_ENUM_CONVERSION = YES;
				CLANG_WARN_INFINITE_RECURSION = YES;
				CLANG_WARN_INT_CONVERSION = YES;
				CLANG_WARN_NON_LITERAL_NULL_CONVERSION = YES;
				CLANG_WARN_OBJC_IMPLICIT_RETAIN_SELF = YES;
				CLANG_WARN_OBJC_LITERAL_CONVERSION = YES;
				CLANG_WARN_OBJC_ROOT_CLASS = YES_ERROR;
				CLANG_WARN_QUOTED_INCLUDE_IN_FRAMEWORK_HEADER = YES;
				CLANG_WARN_RANGE_LOOP_ANALYSIS = YES;
				CLANG_WARN_STRICT_PROTOTYPES = YES;
				CLANG_WARN_SUSPICIOUS_MOVE = YES;
				CLANG_WARN_UNGUARDED_AVAILABILITY = YES_AGGRESSIVE;
				CLANG_WARN_UNREACHABLE_CODE = YES;
				CLANG_WARN__DUPLICATE_METHOD_MATCH = YES;
				COPY_PHASE_STRIP = NO;
				DEBUG_INFORMATION_FORMAT = dwarf;
				ENABLE_STRICT_OBJC_MSGSEND = YES;
				ENABLE_TESTABILITY = YES;
				GCC_C_LANGUAGE_STANDARD = gnu11;
				GCC_DYNAMIC_NO_PIC = NO;
				GCC_NO_COMMON_BLOCKS = YES;
				GCC_OPTIMIZATION_LEVEL = 0;
				GCC_PREPROCESSOR_DEFINITIONS = (
					"DEBUG=1",
					"$(inherited)",
				);
				GCC_WARN_64_TO_32_BIT_CONVERSION = YES;
				GCC_WARN_ABOUT_RETURN_TYPE = YES_ERROR;
				GCC_WARN_UNDECLARED_SELECTOR = YES;
				GCC_WARN_UNINITIALIZED_AUTOS = YES_AGGRESSIVE;
				GCC_WARN_UNUSED_FUNCTION = YES;
				GCC_WARN_UNUSED_VARIABLE = YES;
				IPHONEOS_DEPLOYMENT_TARGET = 16.4;
				MTL_ENABLE_DEBUG_INFO = INCLUDE_SOURCE;
				MTL_FAST_MATH = YES;
				ONLY_ACTIVE_ARCH = YES;
				SDKROOT = iphoneos;
				SWIFT_ACTIVE_COMPILATION_CONDITIONS = DEBUG;
				SWIFT_OPTIMIZATION_LEVEL = "-Onone";
			};
			name = Debug;
		};
		CEA94D222AB3CCF400E43D31 /* Release */ = {
			isa = XCBuildConfiguration;
			buildSettings = {
				ALWAYS_SEARCH_USER_PATHS = NO;
				CLANG_ANALYZER_NONNULL = YES;
				CLANG_ANALYZER_NUMBER_OBJECT_CONVERSION = YES_AGGRESSIVE;
				CLANG_CXX_LANGUAGE_STANDARD = "gnu++20";
				CLANG_ENABLE_MODULES = YES;
				CLANG_ENABLE_OBJC_ARC = YES;
				CLANG_ENABLE_OBJC_WEAK = YES;
				CLANG_WARN_BLOCK_CAPTURE_AUTORELEASING = YES;
				CLANG_WARN_BOOL_CONVERSION = YES;
				CLANG_WARN_COMMA = YES;
				CLANG_WARN_CONSTANT_CONVERSION = YES;
				CLANG_WARN_DEPRECATED_OBJC_IMPLEMENTATIONS = YES;
				CLANG_WARN_DIRECT_OBJC_ISA_USAGE = YES_ERROR;
				CLANG_WARN_DOCUMENTATION_COMMENTS = YES;
				CLANG_WARN_EMPTY_BODY = YES;
				CLANG_WARN_ENUM_CONVERSION = YES;
				CLANG_WARN_INFINITE_RECURSION = YES;
				CLANG_WARN_INT_CONVERSION = YES;
				CLANG_WARN_NON_LITERAL_NULL_CONVERSION = YES;
				CLANG_WARN_OBJC_IMPLICIT_RETAIN_SELF = YES;
				CLANG_WARN_OBJC_LITERAL_CONVERSION = YES;
				CLANG_WARN_OBJC_ROOT_CLASS = YES_ERROR;
				CLANG_WARN_QUOTED_INCLUDE_IN_FRAMEWORK_HEADER = YES;
				CLANG_WARN_RANGE_LOOP_ANALYSIS = YES;
				CLANG_WARN_STRICT_PROTOTYPES = YES;
				CLANG_WARN_SUSPICIOUS_MOVE = YES;
				CLANG_WARN_UNGUARDED_AVAILABILITY = YES_AGGRESSIVE;
				CLANG_WARN_UNREACHABLE_CODE = YES;
				CLANG_WARN__DUPLICATE_METHOD_MATCH = YES;
				COPY_PHASE_STRIP = NO;
				DEBUG_INFORMATION_FORMAT = "dwarf-with-dsym";
				ENABLE_NS_ASSERTIONS = NO;
				ENABLE_STRICT_OBJC_MSGSEND = YES;
				GCC_C_LANGUAGE_STANDARD = gnu11;
				GCC_NO_COMMON_BLOCKS = YES;
				GCC_WARN_64_TO_32_BIT_CONVERSION = YES;
				GCC_WARN_ABOUT_RETURN_TYPE = YES_ERROR;
				GCC_WARN_UNDECLARED_SELECTOR = YES;
				GCC_WARN_UNINITIALIZED_AUTOS = YES_AGGRESSIVE;
				GCC_WARN_UNUSED_FUNCTION = YES;
				GCC_WARN_UNUSED_VARIABLE = YES;
				IPHONEOS_DEPLOYMENT_TARGET = 16.4;
				MTL_ENABLE_DEBUG_INFO = NO;
				MTL_FAST_MATH = YES;
				SDKROOT = iphoneos;
				SWIFT_COMPILATION_MODE = wholemodule;
				SWIFT_OPTIMIZATION_LEVEL = "-O";
				VALIDATE_PRODUCT = YES;
			};
			name = Release;
		};
		CEA94D242AB3CCF400E43D31 /* Debug */ = {
			isa = XCBuildConfiguration;
			buildSettings = {
				ASSETCATALOG_COMPILER_APPICON_NAME = AppIcon;
				ASSETCATALOG_COMPILER_GLOBAL_ACCENT_COLOR_NAME = AccentColor;
				CODE_SIGN_STYLE = Automatic;
				CURRENT_PROJECT_VERSION = 1;
				DEVELOPMENT_TEAM = 59C6H8HQ42;
				GENERATE_INFOPLIST_FILE = YES;
				INFOPLIST_FILE = TestBitcoinWallet/Info.plist;
				INFOPLIST_KEY_UIApplicationSupportsIndirectInputEvents = YES;
				INFOPLIST_KEY_UILaunchStoryboardName = LaunchScreen;
				INFOPLIST_KEY_UIMainStoryboardFile = Main;
				INFOPLIST_KEY_UISupportedInterfaceOrientations_iPad = "UIInterfaceOrientationPortrait UIInterfaceOrientationPortraitUpsideDown UIInterfaceOrientationLandscapeLeft UIInterfaceOrientationLandscapeRight";
				INFOPLIST_KEY_UISupportedInterfaceOrientations_iPhone = "UIInterfaceOrientationPortrait UIInterfaceOrientationLandscapeLeft UIInterfaceOrientationLandscapeRight";
				IPHONEOS_DEPLOYMENT_TARGET = 15.0;
				LD_RUNPATH_SEARCH_PATHS = (
					"$(inherited)",
					"@executable_path/Frameworks",
				);
				MARKETING_VERSION = 1.0;
				PRODUCT_BUNDLE_IDENTIFIER = com.yaroslavDev.TestBitcoinWallet;
				PRODUCT_NAME = "$(TARGET_NAME)";
				SWIFT_EMIT_LOC_STRINGS = YES;
				SWIFT_VERSION = 5.0;
				TARGETED_DEVICE_FAMILY = "1,2";
			};
			name = Debug;
		};
		CEA94D252AB3CCF400E43D31 /* Release */ = {
			isa = XCBuildConfiguration;
			buildSettings = {
				ASSETCATALOG_COMPILER_APPICON_NAME = AppIcon;
				ASSETCATALOG_COMPILER_GLOBAL_ACCENT_COLOR_NAME = AccentColor;
				CODE_SIGN_STYLE = Automatic;
				CURRENT_PROJECT_VERSION = 1;
				DEVELOPMENT_TEAM = 59C6H8HQ42;
				GENERATE_INFOPLIST_FILE = YES;
				INFOPLIST_FILE = TestBitcoinWallet/Info.plist;
				INFOPLIST_KEY_UIApplicationSupportsIndirectInputEvents = YES;
				INFOPLIST_KEY_UILaunchStoryboardName = LaunchScreen;
				INFOPLIST_KEY_UIMainStoryboardFile = Main;
				INFOPLIST_KEY_UISupportedInterfaceOrientations_iPad = "UIInterfaceOrientationPortrait UIInterfaceOrientationPortraitUpsideDown UIInterfaceOrientationLandscapeLeft UIInterfaceOrientationLandscapeRight";
				INFOPLIST_KEY_UISupportedInterfaceOrientations_iPhone = "UIInterfaceOrientationPortrait UIInterfaceOrientationLandscapeLeft UIInterfaceOrientationLandscapeRight";
				IPHONEOS_DEPLOYMENT_TARGET = 15.0;
				LD_RUNPATH_SEARCH_PATHS = (
					"$(inherited)",
					"@executable_path/Frameworks",
				);
				MARKETING_VERSION = 1.0;
				PRODUCT_BUNDLE_IDENTIFIER = com.yaroslavDev.TestBitcoinWallet;
				PRODUCT_NAME = "$(TARGET_NAME)";
				SWIFT_EMIT_LOC_STRINGS = YES;
				SWIFT_VERSION = 5.0;
				TARGETED_DEVICE_FAMILY = "1,2";
			};
			name = Release;
		};
		CEA94D272AB3CCF400E43D31 /* Debug */ = {
			isa = XCBuildConfiguration;
			buildSettings = {
				ALWAYS_EMBED_SWIFT_STANDARD_LIBRARIES = YES;
				BUNDLE_LOADER = "$(TEST_HOST)";
				CODE_SIGN_STYLE = Automatic;
				CURRENT_PROJECT_VERSION = 1;
				DEVELOPMENT_TEAM = 59C6H8HQ42;
				GENERATE_INFOPLIST_FILE = YES;
				IPHONEOS_DEPLOYMENT_TARGET = 16.4;
				MARKETING_VERSION = 1.0;
				PRODUCT_BUNDLE_IDENTIFIER = com.yaroslavDev.TestBitcoinWalletTests;
				PRODUCT_NAME = "$(TARGET_NAME)";
				SWIFT_EMIT_LOC_STRINGS = NO;
				SWIFT_VERSION = 5.0;
				TARGETED_DEVICE_FAMILY = "1,2";
				TEST_HOST = "$(BUILT_PRODUCTS_DIR)/TestBitcoinWallet.app/$(BUNDLE_EXECUTABLE_FOLDER_PATH)/TestBitcoinWallet";
			};
			name = Debug;
		};
		CEA94D282AB3CCF400E43D31 /* Release */ = {
			isa = XCBuildConfiguration;
			buildSettings = {
				ALWAYS_EMBED_SWIFT_STANDARD_LIBRARIES = YES;
				BUNDLE_LOADER = "$(TEST_HOST)";
				CODE_SIGN_STYLE = Automatic;
				CURRENT_PROJECT_VERSION = 1;
				DEVELOPMENT_TEAM = 59C6H8HQ42;
				GENERATE_INFOPLIST_FILE = YES;
				IPHONEOS_DEPLOYMENT_TARGET = 16.4;
				MARKETING_VERSION = 1.0;
				PRODUCT_BUNDLE_IDENTIFIER = com.yaroslavDev.TestBitcoinWalletTests;
				PRODUCT_NAME = "$(TARGET_NAME)";
				SWIFT_EMIT_LOC_STRINGS = NO;
				SWIFT_VERSION = 5.0;
				TARGETED_DEVICE_FAMILY = "1,2";
				TEST_HOST = "$(BUILT_PRODUCTS_DIR)/TestBitcoinWallet.app/$(BUNDLE_EXECUTABLE_FOLDER_PATH)/TestBitcoinWallet";
			};
			name = Release;
		};
		CEA94D2A2AB3CCF400E43D31 /* Debug */ = {
			isa = XCBuildConfiguration;
			buildSettings = {
				ALWAYS_EMBED_SWIFT_STANDARD_LIBRARIES = YES;
				CODE_SIGN_STYLE = Automatic;
				CURRENT_PROJECT_VERSION = 1;
				DEVELOPMENT_TEAM = 59C6H8HQ42;
				GENERATE_INFOPLIST_FILE = YES;
				MARKETING_VERSION = 1.0;
				PRODUCT_BUNDLE_IDENTIFIER = com.yaroslavDev.TestBitcoinWalletUITests;
				PRODUCT_NAME = "$(TARGET_NAME)";
				SWIFT_EMIT_LOC_STRINGS = NO;
				SWIFT_VERSION = 5.0;
				TARGETED_DEVICE_FAMILY = "1,2";
				TEST_TARGET_NAME = TestBitcoinWallet;
			};
			name = Debug;
		};
		CEA94D2B2AB3CCF400E43D31 /* Release */ = {
			isa = XCBuildConfiguration;
			buildSettings = {
				ALWAYS_EMBED_SWIFT_STANDARD_LIBRARIES = YES;
				CODE_SIGN_STYLE = Automatic;
				CURRENT_PROJECT_VERSION = 1;
				DEVELOPMENT_TEAM = 59C6H8HQ42;
				GENERATE_INFOPLIST_FILE = YES;
				MARKETING_VERSION = 1.0;
				PRODUCT_BUNDLE_IDENTIFIER = com.yaroslavDev.TestBitcoinWalletUITests;
				PRODUCT_NAME = "$(TARGET_NAME)";
				SWIFT_EMIT_LOC_STRINGS = NO;
				SWIFT_VERSION = 5.0;
				TARGETED_DEVICE_FAMILY = "1,2";
				TEST_TARGET_NAME = TestBitcoinWallet;
			};
			name = Release;
		};
/* End XCBuildConfiguration section */

/* Begin XCConfigurationList section */
		CEA94CF42AB3CCEF00E43D31 /* Build configuration list for PBXProject "TestBitcoinWallet" */ = {
			isa = XCConfigurationList;
			buildConfigurations = (
				CEA94D212AB3CCF400E43D31 /* Debug */,
				CEA94D222AB3CCF400E43D31 /* Release */,
			);
			defaultConfigurationIsVisible = 0;
			defaultConfigurationName = Release;
		};
		CEA94D232AB3CCF400E43D31 /* Build configuration list for PBXNativeTarget "TestBitcoinWallet" */ = {
			isa = XCConfigurationList;
			buildConfigurations = (
				CEA94D242AB3CCF400E43D31 /* Debug */,
				CEA94D252AB3CCF400E43D31 /* Release */,
			);
			defaultConfigurationIsVisible = 0;
			defaultConfigurationName = Release;
		};
		CEA94D262AB3CCF400E43D31 /* Build configuration list for PBXNativeTarget "TestBitcoinWalletTests" */ = {
			isa = XCConfigurationList;
			buildConfigurations = (
				CEA94D272AB3CCF400E43D31 /* Debug */,
				CEA94D282AB3CCF400E43D31 /* Release */,
			);
			defaultConfigurationIsVisible = 0;
			defaultConfigurationName = Release;
		};
		CEA94D292AB3CCF400E43D31 /* Build configuration list for PBXNativeTarget "TestBitcoinWalletUITests" */ = {
			isa = XCConfigurationList;
			buildConfigurations = (
				CEA94D2A2AB3CCF400E43D31 /* Debug */,
				CEA94D2B2AB3CCF400E43D31 /* Release */,
			);
			defaultConfigurationIsVisible = 0;
			defaultConfigurationName = Release;
		};
/* End XCConfigurationList section */

/* Begin XCRemoteSwiftPackageReference section */
		CEA94D2C2AB3CE3B00E43D31 /* XCRemoteSwiftPackageReference "BitcoinKit.Swift" */ = {
			isa = XCRemoteSwiftPackageReference;
			repositoryURL = "https://github.com/horizontalsystems/BitcoinKit.Swift.git";
			requirement = {
				kind = upToNextMajorVersion;
				minimumVersion = 2.0.0;
			};
		};
/* End XCRemoteSwiftPackageReference section */

/* Begin XCSwiftPackageProductDependency section */
		CEA94D2D2AB3CE3B00E43D31 /* BitcoinKit */ = {
			isa = XCSwiftPackageProductDependency;
			package = CEA94D2C2AB3CE3B00E43D31 /* XCRemoteSwiftPackageReference "BitcoinKit.Swift" */;
			productName = BitcoinKit;
		};
/* End XCSwiftPackageProductDependency section */
	};
	rootObject = CEA94CF12AB3CCEF00E43D31 /* Project object */;
}
